
Microsoft Visual Studio Solution File, Format Version 12.00
# Visual Studio Version 17
VisualStudioVersion = 17.10.35013.160
MinimumVisualStudioVersion = 10.0.40219.1
Project("{9A19103F-16F7-4668-BE54-9A1E7A4F7556}") = "code_test", "code_test.csproj", "{93A56182-45CD-4003-A2C3-5930D8FFE6D6}"
EndProject
Project("{FAE04EC0-301F-11D3-BF4B-00C04F79EFBC}") = "Lv1.  x만큼 간격이 있는 n개의 숫자", "..\Lv.1  x만큼 간격이 있는 n개의 숫자\Lv1.  x만큼 간격이 있는 n개의 숫자.csproj", "{E9C43B2D-2065-4E6A-9A24-FA592726A9D5}"
EndProject
Project("{2150E333-8FDC-42A3-9474-1A3956D46DE8}") = "Lv.1", "Lv.1", "{032C73BB-102A-4E11-90F3-2B2271A4E971}"
EndProject
Project("{FAE04EC0-301F-11D3-BF4B-00C04F79EFBC}") = "Lv1. 자연수 뒤집어 배열로 만들기", "..\Lv1. 자연수 뒤집어 배열로 만들기\Lv1. 자연수 뒤집어 배열로 만들기.csproj", "{8B679EC9-0242-4A2D-9579-05FBF739BC5A}"
EndProject
Project("{FAE04EC0-301F-11D3-BF4B-00C04F79EFBC}") = "Lv1. 정수 내림차순으로 배치하기", "..\Lv1. 정수 내림차순으로 배치하기\Lv1. 정수 내림차순으로 배치하기.csproj", "{956821CF-8B26-446A-B22A-86DD205AB5D1}"
EndProject
Project("{FAE04EC0-301F-11D3-BF4B-00C04F79EFBC}") = "Lv1. 정수 제곱근 판별", "..\Lv1. 정수 제곱근 판별\Lv1. 정수 제곱근 판별.csproj", "{46D4F6FB-0D7F-403F-8A5C-DAB09B4D671F}"
EndProject
Project("{FAE04EC0-301F-11D3-BF4B-00C04F79EFBC}") = "Lv1. 짝수와 홀수", "..\Lv1. 짝수와 홀수\Lv1. 짝수와 홀수.csproj", "{BDBA0210-8569-4B2D-AE25-D5CEAB0FCF40}"
EndProject
Project("{FAE04EC0-301F-11D3-BF4B-00C04F79EFBC}") = "Lv1. 평균 구하기", "..\Lv1. 평균 구하기\Lv1. 평균 구하기.csproj", "{D6164373-4E41-4758-9E5C-D7B25F9C2C77}"
EndProject
Project("{FAE04EC0-301F-11D3-BF4B-00C04F79EFBC}") = "Lv1. 하샤드 수", "..\Lv1. 하샤드 수\Lv1. 하샤드 수.csproj", "{458C162E-18B4-40DC-A4DE-10D3A12AD7E0}"
EndProject
Global
	GlobalSection(SolutionConfigurationPlatforms) = preSolution
		Debug|Any CPU = Debug|Any CPU
		Release|Any CPU = Release|Any CPU
	EndGlobalSection
	GlobalSection(ProjectConfigurationPlatforms) = postSolution
		{93A56182-45CD-4003-A2C3-5930D8FFE6D6}.Debug|Any CPU.ActiveCfg = Debug|Any CPU
		{93A56182-45CD-4003-A2C3-5930D8FFE6D6}.Debug|Any CPU.Build.0 = Debug|Any CPU
		{93A56182-45CD-4003-A2C3-5930D8FFE6D6}.Release|Any CPU.ActiveCfg = Release|Any CPU
		{93A56182-45CD-4003-A2C3-5930D8FFE6D6}.Release|Any CPU.Build.0 = Release|Any CPU
		{E9C43B2D-2065-4E6A-9A24-FA592726A9D5}.Debug|Any CPU.ActiveCfg = Debug|Any CPU
		{E9C43B2D-2065-4E6A-9A24-FA592726A9D5}.Debug|Any CPU.Build.0 = Debug|Any CPU
		{E9C43B2D-2065-4E6A-9A24-FA592726A9D5}.Release|Any CPU.ActiveCfg = Release|Any CPU
		{E9C43B2D-2065-4E6A-9A24-FA592726A9D5}.Release|Any CPU.Build.0 = Release|Any CPU
		{8B679EC9-0242-4A2D-9579-05FBF739BC5A}.Debug|Any CPU.ActiveCfg = Debug|Any CPU
		{8B679EC9-0242-4A2D-9579-05FBF739BC5A}.Debug|Any CPU.Build.0 = Debug|Any CPU
		{8B679EC9-0242-4A2D-9579-05FBF739BC5A}.Release|Any CPU.ActiveCfg = Release|Any CPU
		{8B679EC9-0242-4A2D-9579-05FBF739BC5A}.Release|Any CPU.Build.0 = Release|Any CPU
		{956821CF-8B26-446A-B22A-86DD205AB5D1}.Debug|Any CPU.ActiveCfg = Debug|Any CPU
		{956821CF-8B26-446A-B22A-86DD205AB5D1}.Debug|Any CPU.Build.0 = Debug|Any CPU
		{956821CF-8B26-446A-B22A-86DD205AB5D1}.Release|Any CPU.ActiveCfg = Release|Any CPU
		{956821CF-8B26-446A-B22A-86DD205AB5D1}.Release|Any CPU.Build.0 = Release|Any CPU
		{46D4F6FB-0D7F-403F-8A5C-DAB09B4D671F}.Debug|Any CPU.ActiveCfg = Debug|Any CPU
		{46D4F6FB-0D7F-403F-8A5C-DAB09B4D671F}.Debug|Any CPU.Build.0 = Debug|Any CPU
		{46D4F6FB-0D7F-403F-8A5C-DAB09B4D671F}.Release|Any CPU.ActiveCfg = Release|Any CPU
		{46D4F6FB-0D7F-403F-8A5C-DAB09B4D671F}.Release|Any CPU.Build.0 = Release|Any CPU
		{BDBA0210-8569-4B2D-AE25-D5CEAB0FCF40}.Debug|Any CPU.ActiveCfg = Debug|Any CPU
		{BDBA0210-8569-4B2D-AE25-D5CEAB0FCF40}.Debug|Any CPU.Build.0 = Debug|Any CPU
		{BDBA0210-8569-4B2D-AE25-D5CEAB0FCF40}.Release|Any CPU.ActiveCfg = Release|Any CPU
		{BDBA0210-8569-4B2D-AE25-D5CEAB0FCF40}.Release|Any CPU.Build.0 = Release|Any CPU
		{D6164373-4E41-4758-9E5C-D7B25F9C2C77}.Debug|Any CPU.ActiveCfg = Debug|Any CPU
		{D6164373-4E41-4758-9E5C-D7B25F9C2C77}.Debug|Any CPU.Build.0 = Debug|Any CPU
		{D6164373-4E41-4758-9E5C-D7B25F9C2C77}.Release|Any CPU.ActiveCfg = Release|Any CPU
		{D6164373-4E41-4758-9E5C-D7B25F9C2C77}.Release|Any CPU.Build.0 = Release|Any CPU
		{458C162E-18B4-40DC-A4DE-10D3A12AD7E0}.Debug|Any CPU.ActiveCfg = Debug|Any CPU
		{458C162E-18B4-40DC-A4DE-10D3A12AD7E0}.Debug|Any CPU.Build.0 = Debug|Any CPU
		{458C162E-18B4-40DC-A4DE-10D3A12AD7E0}.Release|Any CPU.ActiveCfg = Release|Any CPU
		{458C162E-18B4-40DC-A4DE-10D3A12AD7E0}.Release|Any CPU.Build.0 = Release|Any CPU
	EndGlobalSection
	GlobalSection(SolutionProperties) = preSolution
		HideSolutionNode = FALSE
	EndGlobalSection
	GlobalSection(NestedProjects) = preSolution
		{E9C43B2D-2065-4E6A-9A24-FA592726A9D5} = {032C73BB-102A-4E11-90F3-2B2271A4E971}
		{8B679EC9-0242-4A2D-9579-05FBF739BC5A} = {032C73BB-102A-4E11-90F3-2B2271A4E971}
		{956821CF-8B26-446A-B22A-86DD205AB5D1} = {032C73BB-102A-4E11-90F3-2B2271A4E971}
		{46D4F6FB-0D7F-403F-8A5C-DAB09B4D671F} = {032C73BB-102A-4E11-90F3-2B2271A4E971}
		{BDBA0210-8569-4B2D-AE25-D5CEAB0FCF40} = {032C73BB-102A-4E11-90F3-2B2271A4E971}
		{D6164373-4E41-4758-9E5C-D7B25F9C2C77} = {032C73BB-102A-4E11-90F3-2B2271A4E971}
		{458C162E-18B4-40DC-A4DE-10D3A12AD7E0} = {032C73BB-102A-4E11-90F3-2B2271A4E971}
	EndGlobalSection
	GlobalSection(ExtensibilityGlobals) = postSolution
		SolutionGuid = {51C0474C-F12A-4C6C-B2A2-1F55E9243E94}
	EndGlobalSection
EndGlobal
